{
  "name": "ajs-node",
  "version": "1.0.0",
  "lockfileVersion": 2,
  "requires": true,
  "packages": {
    "": {
      "name": "ajs-node",
      "version": "1.0.0",
      "license": "ISC",
      "dependencies": {
        "@maden51/ajs": "^1.0.0"
      }
    },
    "node_modules/@maden51/ajs": {
      "version": "1.0.0",
      "resolved": "https://npm.pkg.github.com/download/@maden51/ajs/1.0.0/f799a79d82be9ca4dc82f5ceae1ce9c76bb844826c31c36fb298439d4e91ee0c",
      "integrity": "sha512-LQoRAJakKMMZjusFkvtz4r83rf7KPm8ImOrMBtyUUrJSZjOIF9uZTsnh/IPODfkYSfi+hlU2i1qFnA6OSoqMow==",
      "license": "ISC"
    }
  },
  "dependencies": {
    "@maden51/ajs": {
      "version": "1.0.0",
      "resolved": "https://npm.pkg.github.com/download/@maden51/ajs/1.0.0/f799a79d82be9ca4dc82f5ceae1ce9c76bb844826c31c36fb298439d4e91ee0c",
      "integrity": "sha512-LQoRAJakKMMZjusFkvtz4r83rf7KPm8ImOrMBtyUUrJSZjOIF9uZTsnh/IPODfkYSfi+hlU2i1qFnA6OSoqMow=="
    }
  }
}
